
Microsoft Visual Studio Solution File, Format Version 12.00
# Visual Studio Version 17
VisualStudioVersion = 17.0.31903.59
MinimumVisualStudioVersion = 10.0.40219.1
Project("{2150E333-8FDC-42A3-9474-1A3956D46DE8}") = "Solution items", "Solution items", "{1CCC6683-F1B1-4B91-AE1A-684EC8C420C6}"
	ProjectSection(SolutionItems) = preProject
		.gitignore = .gitignore
		LICENSE = LICENSE
		README.md = README.md
		tye.yaml = tye.yaml
	EndProjectSection
EndProject
Project("{2150E333-8FDC-42A3-9474-1A3956D46DE8}") = "src", "src", "{68ED2354-7DA6-4274-A98E-3528501EE025}"
EndProject
Project("{2150E333-8FDC-42A3-9474-1A3956D46DE8}") = "tests", "tests", "{2C20BC5C-19D6-4390-AAB5-768867FED9A6}"
EndProject
Project("{9A19103F-16F7-4668-BE54-9A1E7A4F7556}") = "Samples.Shared", "src\Samples.Shared\Samples.Shared.csproj", "{39DCFD0F-FD7F-40F1-AD84-A8F3401A405A}"
EndProject
Project("{9A19103F-16F7-4668-BE54-9A1E7A4F7556}") = "Samples.StorageQueue.Function", "src\Samples.StorageQueue.Function\Samples.StorageQueue.Function.csproj", "{8EA73F5B-78F1-450B-B801-E461FE230513}"
EndProject
Project("{9A19103F-16F7-4668-BE54-9A1E7A4F7556}") = "Samples.HttpTrigger.Function", "src\Samples.HttpTrigger.Function\Samples.HttpTrigger.Function.csproj", "{54C46D8A-E794-4AEC-89D2-636FF8F43724}"
EndProject
Project("{9A19103F-16F7-4668-BE54-9A1E7A4F7556}") = "Samples.ServiceBusQueue.Function", "src\Samples.ServiceBusQueue.Function\Samples.ServiceBusQueue.Function.csproj", "{2EBFFCE9-7D3E-425A-822A-92BD9B19DCE6}"
EndProject
Project("{2150E333-8FDC-42A3-9474-1A3956D46DE8}") = "graphql", "graphql", "{1899EEAE-BDAF-4A8A-AE5A-F157EA57FEB3}"
	ProjectSection(SolutionItems) = preProject
		graphql\dab-config.json = graphql\dab-config.json
		graphql\schema.gql = graphql\schema.gql
	EndProjectSection
EndProject
Project("{2150E333-8FDC-42A3-9474-1A3956D46DE8}") = "dapr", "dapr", "{AB6F9397-E90A-49FF-B6AA-C4406CDC6F2F}"
	ProjectSection(SolutionItems) = preProject
		dapr\statestore.yaml = dapr\statestore.yaml
	EndProjectSection
EndProject
Project("{FAE04EC0-301F-11D3-BF4B-00C04F79EFBC}") = "UISamples.BlazorApp", "src\UISamples.BlazorApp\UISamples.BlazorApp.csproj", "{2F3086DF-1A58-49CB-BD88-0F639342017D}"
EndProject
Project("{FAE04EC0-301F-11D3-BF4B-00C04F79EFBC}") = "UISamples.Angular", "src\UISamples.Angular\UISamples.Angular.csproj", "{0B320BCD-8FD8-480B-9BE4-CD138C2CD3BA}"
EndProject
Global
	GlobalSection(SolutionConfigurationPlatforms) = preSolution
		Debug|Any CPU = Debug|Any CPU
		Release|Any CPU = Release|Any CPU
	EndGlobalSection
	GlobalSection(ProjectConfigurationPlatforms) = postSolution
		{39DCFD0F-FD7F-40F1-AD84-A8F3401A405A}.Debug|Any CPU.ActiveCfg = Debug|Any CPU
		{39DCFD0F-FD7F-40F1-AD84-A8F3401A405A}.Debug|Any CPU.Build.0 = Debug|Any CPU
		{39DCFD0F-FD7F-40F1-AD84-A8F3401A405A}.Release|Any CPU.ActiveCfg = Release|Any CPU
		{39DCFD0F-FD7F-40F1-AD84-A8F3401A405A}.Release|Any CPU.Build.0 = Release|Any CPU
		{8EA73F5B-78F1-450B-B801-E461FE230513}.Debug|Any CPU.ActiveCfg = Debug|Any CPU
		{8EA73F5B-78F1-450B-B801-E461FE230513}.Debug|Any CPU.Build.0 = Debug|Any CPU
		{8EA73F5B-78F1-450B-B801-E461FE230513}.Release|Any CPU.ActiveCfg = Release|Any CPU
		{8EA73F5B-78F1-450B-B801-E461FE230513}.Release|Any CPU.Build.0 = Release|Any CPU
		{54C46D8A-E794-4AEC-89D2-636FF8F43724}.Debug|Any CPU.ActiveCfg = Debug|Any CPU
		{54C46D8A-E794-4AEC-89D2-636FF8F43724}.Debug|Any CPU.Build.0 = Debug|Any CPU
		{54C46D8A-E794-4AEC-89D2-636FF8F43724}.Release|Any CPU.ActiveCfg = Release|Any CPU
		{54C46D8A-E794-4AEC-89D2-636FF8F43724}.Release|Any CPU.Build.0 = Release|Any CPU
		{2EBFFCE9-7D3E-425A-822A-92BD9B19DCE6}.Debug|Any CPU.ActiveCfg = Debug|Any CPU
		{2EBFFCE9-7D3E-425A-822A-92BD9B19DCE6}.Debug|Any CPU.Build.0 = Debug|Any CPU
		{2EBFFCE9-7D3E-425A-822A-92BD9B19DCE6}.Release|Any CPU.ActiveCfg = Release|Any CPU
		{2EBFFCE9-7D3E-425A-822A-92BD9B19DCE6}.Release|Any CPU.Build.0 = Release|Any CPU
		{2F3086DF-1A58-49CB-BD88-0F639342017D}.Debug|Any CPU.ActiveCfg = Debug|Any CPU
		{2F3086DF-1A58-49CB-BD88-0F639342017D}.Debug|Any CPU.Build.0 = Debug|Any CPU
		{2F3086DF-1A58-49CB-BD88-0F639342017D}.Release|Any CPU.ActiveCfg = Release|Any CPU
		{2F3086DF-1A58-49CB-BD88-0F639342017D}.Release|Any CPU.Build.0 = Release|Any CPU
		{0B320BCD-8FD8-480B-9BE4-CD138C2CD3BA}.Debug|Any CPU.ActiveCfg = Debug|Any CPU
		{0B320BCD-8FD8-480B-9BE4-CD138C2CD3BA}.Debug|Any CPU.Build.0 = Debug|Any CPU
		{0B320BCD-8FD8-480B-9BE4-CD138C2CD3BA}.Release|Any CPU.ActiveCfg = Release|Any CPU
		{0B320BCD-8FD8-480B-9BE4-CD138C2CD3BA}.Release|Any CPU.Build.0 = Release|Any CPU
	EndGlobalSection
	GlobalSection(SolutionProperties) = preSolution
		HideSolutionNode = FALSE
	EndGlobalSection
	GlobalSection(NestedProjects) = preSolution
		{39DCFD0F-FD7F-40F1-AD84-A8F3401A405A} = {68ED2354-7DA6-4274-A98E-3528501EE025}
		{8EA73F5B-78F1-450B-B801-E461FE230513} = {68ED2354-7DA6-4274-A98E-3528501EE025}
		{54C46D8A-E794-4AEC-89D2-636FF8F43724} = {68ED2354-7DA6-4274-A98E-3528501EE025}
		{2EBFFCE9-7D3E-425A-822A-92BD9B19DCE6} = {68ED2354-7DA6-4274-A98E-3528501EE025}
		{2F3086DF-1A58-49CB-BD88-0F639342017D} = {68ED2354-7DA6-4274-A98E-3528501EE025}
		{0B320BCD-8FD8-480B-9BE4-CD138C2CD3BA} = {68ED2354-7DA6-4274-A98E-3528501EE025}
	EndGlobalSection
	GlobalSection(ExtensibilityGlobals) = postSolution
		SolutionGuid = {8F30ED84-A526-4E80-AB32-C99B2CE0CB73}
	EndGlobalSection
EndGlobal
